
Microsoft Visual Studio Solution File, Format Version 12.00
# Visual Studio Version 17
VisualStudioVersion = 17.4.33122.133
MinimumVisualStudioVersion = 10.0.40219.1
Project("{FAE04EC0-301F-11D3-BF4B-00C04F79EFBC}") = "Shared", "Shared\Shared.csproj", "{3BCB73DE-076C-433F-A1B0-9AD553649271}"
EndProject
Project("{FAE04EC0-301F-11D3-BF4B-00C04F79EFBC}") = "Silo", "Silo\Silo.csproj", "{10EAFF27-D129-48CC-A04B-CEE580F6CC10}"
EndProject
Project("{FAE04EC0-301F-11D3-BF4B-00C04F79EFBC}") = "Plugin", "Plugin\Plugin.csproj", "{6238B972-8384-4A7B-A375-BA1C426F45A1}"
EndProject
Global
	GlobalSection(SolutionConfigurationPlatforms) = preSolution
		Debug|Any CPU = Debug|Any CPU
		Release|Any CPU = Release|Any CPU
	EndGlobalSection
	GlobalSection(ProjectConfigurationPlatforms) = postSolution
		{3BCB73DE-076C-433F-A1B0-9AD553649271}.Debug|Any CPU.ActiveCfg = Debug|Any CPU
		{3BCB73DE-076C-433F-A1B0-9AD553649271}.Debug|Any CPU.Build.0 = Debug|Any CPU
		{3BCB73DE-076C-433F-A1B0-9AD553649271}.Release|Any CPU.ActiveCfg = Release|Any CPU
		{3BCB73DE-076C-433F-A1B0-9AD553649271}.Release|Any CPU.Build.0 = Release|Any CPU
		{10EAFF27-D129-48CC-A04B-CEE580F6CC10}.Debug|Any CPU.ActiveCfg = Debug|Any CPU
		{10EAFF27-D129-48CC-A04B-CEE580F6CC10}.Debug|Any CPU.Build.0 = Debug|Any CPU
		{10EAFF27-D129-48CC-A04B-CEE580F6CC10}.Release|Any CPU.ActiveCfg = Release|Any CPU
		{10EAFF27-D129-48CC-A04B-CEE580F6CC10}.Release|Any CPU.Build.0 = Release|Any CPU
		{6238B972-8384-4A7B-A375-BA1C426F45A1}.Debug|Any CPU.ActiveCfg = Debug|Any CPU
		{6238B972-8384-4A7B-A375-BA1C426F45A1}.Debug|Any CPU.Build.0 = Debug|Any CPU
		{6238B972-8384-4A7B-A375-BA1C426F45A1}.Release|Any CPU.ActiveCfg = Release|Any CPU
		{6238B972-8384-4A7B-A375-BA1C426F45A1}.Release|Any CPU.Build.0 = Release|Any CPU
	EndGlobalSection
	GlobalSection(SolutionProperties) = preSolution
		HideSolutionNode = FALSE
	EndGlobalSection
	GlobalSection(ExtensibilityGlobals) = postSolution
		SolutionGuid = {E792348A-A691-4CAF-9900-EFB5308BCE4D}
	EndGlobalSection
EndGlobal
